
Microsoft Visual Studio Solution File, Format Version 12.00
# Visual Studio Version 16
VisualStudioVersion = 16.0.30320.27
MinimumVisualStudioVersion = 10.0.40219.1
Project("{8BC9CEB8-8B4A-11D0-8D11-00A0C91BC942}") = "OpenGl_MoneyFountain", "OpenGl_MoneyFountain\OpenGl_MoneyFountain.vcxproj", "{DFF221BE-8A75-4CBB-AA38-CCAC14B0CAC0}"
EndProject
Global
	GlobalSection(SolutionConfigurationPlatforms) = preSolution
		Debug|x64 = Debug|x64
		Debug|x86 = Debug|x86
		Release|x64 = Release|x64
		Release|x86 = Release|x86
	EndGlobalSection
	GlobalSection(ProjectConfigurationPlatforms) = postSolution
		{DFF221BE-8A75-4CBB-AA38-CCAC14B0CAC0}.Debug|x64.ActiveCfg = Debug|x64
		{DFF221BE-8A75-4CBB-AA38-CCAC14B0CAC0}.Debug|x64.Build.0 = Debug|x64
		{DFF221BE-8A75-4CBB-AA38-CCAC14B0CAC0}.Debug|x86.ActiveCfg = Debug|Win32
		{DFF221BE-8A75-4CBB-AA38-CCAC14B0CAC0}.Debug|x86.Build.0 = Debug|Win32
		{DFF221BE-8A75-4CBB-AA38-CCAC14B0CAC0}.Release|x64.ActiveCfg = Release|x64
		{DFF221BE-8A75-4CBB-AA38-CCAC14B0CAC0}.Release|x64.Build.0 = Release|x64
		{DFF221BE-8A75-4CBB-AA38-CCAC14B0CAC0}.Release|x86.ActiveCfg = Release|Win32
		{DFF221BE-8A75-4CBB-AA38-CCAC14B0CAC0}.Release|x86.Build.0 = Release|Win32
	EndGlobalSection
	GlobalSection(SolutionProperties) = preSolution
		HideSolutionNode = FALSE
	EndGlobalSection
	GlobalSection(ExtensibilityGlobals) = postSolution
		SolutionGuid = {0A1DCA4B-5571-466A-845C-E850741069AC}
	EndGlobalSection
EndGlobal
